<?xml version="1.0" encoding="utf-8"?>
<Project ToolsVersion="4.0" xmlns="http://schemas.microsoft.com/developer/msbuild/2003">
  <ItemGroup>
    <Filter Include="Arquivos de Origem">
      <UniqueIdentifier>{4FC737F1-C7A5-4376-A066-2A32D752A2FF}</UniqueIdentifier>
      <Extensions>cpp;c;cc;cxx;c++;cppm;ixx;def;odl;idl;hpj;bat;asm;asmx</Extensions>
    </Filter>
    <Filter Include="Arquivos de Cabeçalho">
      <UniqueIdentifier>{93995380-89BD-4b04-88EB-625FBE52EBFB}</UniqueIdentifier>
      <Extensions>h;hh;hpp;hxx;h++;hm;inl;inc;ipp;xsd</Extensions>
    </Filter>
    <Filter Include="Arquivos de Recurso">
      <UniqueIdentifier>{67DA6AB6-F800-4c08-8B7A-83BB121AAD01}</UniqueIdentifier>
      <Extensions>rc;ico;cur;bmp;dlg;rc2;rct;bin;rgs;gif;jpg;jpeg;jpe;resx;tiff;tif;png;wav;mfcribbon-ms</Extensions>
    </Filter>
  </ItemGroup>
  <ItemGroup>
    <Text Include="mapa.txt" />
  </ItemGroup>
  <ItemGroup>
    <ClCompile Include="main.c">
      <Filter>Arquivos de Origem</Filter>
    </ClCompile>
    <ClCompile Include="liberamapa.c">
      <Filter>Arquivos de Origem</Filter>
    </ClCompile>
    <ClCompile Include="le_mapa.c">
      <Filter>Arquivos de Origem</Filter>
    </ClCompile>
    <ClCompile Include="fimdejogo.c">
      <Filter>Arquivos de Origem</Filter>
    </ClCompile>
    <ClCompile Include="move.c">
      <Filter>Arquivos de Origem</Filter>
    </ClCompile>
    <ClCompile Include="imprimemapa.c">
      <Filter>Arquivos de Origem</Filter>
    </ClCompile>
    <ClCompile Include="encontramapa.c">
      <Filter>Arquivos de Origem</Filter>
    </ClCompile>
    <ClCompile Include="ehvalida.c">
      <Filter>Arquivos de Origem</Filter>
    </ClCompile>
    <ClCompile Include="ehvalida.h">
      <Filter>Arquivos de Cabeçalho</Filter>
    </ClCompile>
    <ClCompile Include="andanomapa.c">
      <Filter>Arquivos de Origem</Filter>
    </ClCompile>
    <ClCompile Include="fantasmas.c">
      <Filter>Arquivos de Origem</Filter>
    </ClCompile>
    <ClCompile Include="copiamapa.c">
      <Filter>Arquivos de Origem</Filter>
    </ClCompile>
    <ClCompile Include="alocamapa.c">
      <Filter>Arquivos de Origem</Filter>
    </ClCompile>
    <ClCompile Include="fantasmavai.c">
      <Filter>Arquivos de Origem</Filter>
    </ClCompile>
    <ClCompile Include="explodepilula.c">
      <Filter>Arquivos de Origem</Filter>
    </ClCompile>
    <ClCompile Include="imprimeparte.c">
      <Filter>Arquivos de Origem</Filter>
    </ClCompile>
    <ClCompile Include="ganhaojogo.c">
      <Filter>Arquivos de Origem</Filter>
    </ClCompile>
  </ItemGroup>
  <ItemGroup>
    <ClInclude Include="le_mapa.h">
      <Filter>Arquivos de Cabeçalho</Filter>
    </ClInclude>
    <ClInclude Include="imprimemapa.h">
      <Filter>Arquivos de Cabeçalho</Filter>
    </ClInclude>
    <ClInclude Include="fimdejogo.h">
      <Filter>Arquivos de Cabeçalho</Filter>
    </ClInclude>
    <ClInclude Include="liberamapa.h">
      <Filter>Arquivos de Cabeçalho</Filter>
    </ClInclude>
    <ClInclude Include="move.h">
      <Filter>Arquivos de Cabeçalho</Filter>
    </ClInclude>
    <ClInclude Include="mapa.h">
      <Filter>Arquivos de Cabeçalho</Filter>
    </ClInclude>
    <ClInclude Include="encontramapa.h">
      <Filter>Arquivos de Cabeçalho</Filter>
    </ClInclude>
    <ClInclude Include="andanomapa.h">
      <Filter>Arquivos de Cabeçalho</Filter>
    </ClInclude>
    <ClInclude Include="fantasmas.h">
      <Filter>Arquivos de Cabeçalho</Filter>
    </ClInclude>
    <ClInclude Include="alocamapa.h">
      <Filter>Arquivos de Cabeçalho</Filter>
    </ClInclude>
    <ClInclude Include="copiamapa.h">
      <Filter>Arquivos de Cabeçalho</Filter>
    </ClInclude>
    <ClInclude Include="fantasmavai.h">
      <Filter>Arquivos de Cabeçalho</Filter>
    </ClInclude>
    <ClInclude Include="explodepilula.h">
      <Filter>Arquivos de Cabeçalho</Filter>
    </ClInclude>
    <ClInclude Include="imprimeparte.h">
      <Filter>Arquivos de Cabeçalho</Filter>
    </ClInclude>
    <ClInclude Include="ganhaojogo.h">
      <Filter>Arquivos de Cabeçalho</Filter>
    </ClInclude>
  </ItemGroup>
</Project>